
Microsoft Visual Studio Solution File, Format Version 12.00
# Visual Studio Version 16
VisualStudioVersion = 16.0.30128.74
MinimumVisualStudioVersion = 10.0.40219.1
Project("{FAE04EC0-301F-11D3-BF4B-00C04F79EFBC}") = "ToDoList_ex", "ToDoList_ex\ToDoList_ex.csproj", "{913D9FD2-A7EE-46E4-A881-C5CB974D43A6}"
EndProject
Global
	GlobalSection(SolutionConfigurationPlatforms) = preSolution
		Debug|Any CPU = Debug|Any CPU
		Release|Any CPU = Release|Any CPU
	EndGlobalSection
	GlobalSection(ProjectConfigurationPlatforms) = postSolution
		{913D9FD2-A7EE-46E4-A881-C5CB974D43A6}.Debug|Any CPU.ActiveCfg = Debug|Any CPU
		{913D9FD2-A7EE-46E4-A881-C5CB974D43A6}.Debug|Any CPU.Build.0 = Debug|Any CPU
		{913D9FD2-A7EE-46E4-A881-C5CB974D43A6}.Release|Any CPU.ActiveCfg = Release|Any CPU
		{913D9FD2-A7EE-46E4-A881-C5CB974D43A6}.Release|Any CPU.Build.0 = Release|Any CPU
	EndGlobalSection
	GlobalSection(SolutionProperties) = preSolution
		HideSolutionNode = FALSE
	EndGlobalSection
	GlobalSection(ExtensibilityGlobals) = postSolution
		SolutionGuid = {86BDC27A-FC5B-4F40-802E-C8BD6A139164}
	EndGlobalSection
EndGlobal
